
Microsoft Visual Studio Solution File, Format Version 12.00
# Visual Studio Version 17
VisualStudioVersion = 17.6.33815.320
MinimumVisualStudioVersion = 10.0.40219.1
Project("{2150E333-8FDC-42A3-9474-1A3956D46DE8}") = "src", "src", "{8C52B59C-F8F7-436C-9EA5-86562E55D9C2}"
EndProject
Project("{FAE04EC0-301F-11D3-BF4B-00C04F79EFBC}") = "MangaUpdater", "src\MangaUpdater\MangaUpdater.csproj", "{01643D78-1C55-43CB-A7A3-0729F4E64B01}"
EndProject
Project("{2150E333-8FDC-42A3-9474-1A3956D46DE8}") = "tests", "tests", "{78854080-3536-4701-9B13-D4B48C849AB5}"
EndProject
Project("{FAE04EC0-301F-11D3-BF4B-00C04F79EFBC}") = "MangaUpdater.UnitTests", "tests\MangaUpdater.UnitTests\MangaUpdater.UnitTests.csproj", "{41DD9A92-8D43-48B6-854B-DCBC148C405B}"
EndProject
Global
	GlobalSection(SolutionConfigurationPlatforms) = preSolution
		Debug|Any CPU = Debug|Any CPU
		Release|Any CPU = Release|Any CPU
	EndGlobalSection
	GlobalSection(ProjectConfigurationPlatforms) = postSolution
		{01643D78-1C55-43CB-A7A3-0729F4E64B01}.Debug|Any CPU.ActiveCfg = Debug|Any CPU
		{01643D78-1C55-43CB-A7A3-0729F4E64B01}.Debug|Any CPU.Build.0 = Debug|Any CPU
		{01643D78-1C55-43CB-A7A3-0729F4E64B01}.Release|Any CPU.ActiveCfg = Release|Any CPU
		{01643D78-1C55-43CB-A7A3-0729F4E64B01}.Release|Any CPU.Build.0 = Release|Any CPU
		{41DD9A92-8D43-48B6-854B-DCBC148C405B}.Debug|Any CPU.ActiveCfg = Debug|Any CPU
		{41DD9A92-8D43-48B6-854B-DCBC148C405B}.Debug|Any CPU.Build.0 = Debug|Any CPU
		{41DD9A92-8D43-48B6-854B-DCBC148C405B}.Release|Any CPU.ActiveCfg = Release|Any CPU
		{41DD9A92-8D43-48B6-854B-DCBC148C405B}.Release|Any CPU.Build.0 = Release|Any CPU
	EndGlobalSection
	GlobalSection(SolutionProperties) = preSolution
		HideSolutionNode = FALSE
	EndGlobalSection
	GlobalSection(NestedProjects) = preSolution
		{01643D78-1C55-43CB-A7A3-0729F4E64B01} = {8C52B59C-F8F7-436C-9EA5-86562E55D9C2}
		{41DD9A92-8D43-48B6-854B-DCBC148C405B} = {78854080-3536-4701-9B13-D4B48C849AB5}
	EndGlobalSection
	GlobalSection(ExtensibilityGlobals) = postSolution
		SolutionGuid = {37825D02-898E-45CF-9C77-DBD9E36FC788}
	EndGlobalSection
EndGlobal
